
Microsoft Visual Studio Solution File, Format Version 11.00
# Visual Studio 2010
Project("{F184B08F-C81C-45F6-A57F-5ABD9991F28F}") = "Lab 6", "Lab 6\Lab 6.vbproj", "{52C660E1-B276-4115-97A2-3A3BA14E7F67}"
EndProject
Global
	GlobalSection(SolutionConfigurationPlatforms) = preSolution
		Debug|x86 = Debug|x86
		Release|x86 = Release|x86
	EndGlobalSection
	GlobalSection(ProjectConfigurationPlatforms) = postSolution
		{52C660E1-B276-4115-97A2-3A3BA14E7F67}.Debug|x86.ActiveCfg = Debug|x86
		{52C660E1-B276-4115-97A2-3A3BA14E7F67}.Debug|x86.Build.0 = Debug|x86
		{52C660E1-B276-4115-97A2-3A3BA14E7F67}.Release|x86.ActiveCfg = Release|x86
		{52C660E1-B276-4115-97A2-3A3BA14E7F67}.Release|x86.Build.0 = Release|x86
	EndGlobalSection
	GlobalSection(SolutionProperties) = preSolution
		HideSolutionNode = FALSE
	EndGlobalSection
EndGlobal
